<?xml version="1.0" encoding="UTF-8"?>
<CodeBlocks_project_file>
	<FileVersion major="1" minor="6"/>
	<Project>
		<Option title="mcserv_chmod"/>
		<Option makefile_is_custom="1"/>
		<Option compiler="gcc"/>
		<Option virtualFolders="CMake Files\;"/>
		<Build>
			<Target title="all">
				<Option working_dir="/home/mik/IdeaProjects/mcserve/chmod_lib"/>
				<Option type="4"/>
				<MakeCommands>
					<Build command="/usr/bin/make -f &quot;/home/mik/IdeaProjects/mcserve/chmod_lib/Makefile&quot;  VERBOSE=1 all"/>
					<CompileFile command="/usr/bin/make -f &quot;/home/mik/IdeaProjects/mcserve/chmod_lib/Makefile&quot;  VERBOSE=1 &quot;$file&quot;"/>
					<Clean command="/usr/bin/make -f &quot;/home/mik/IdeaProjects/mcserve/chmod_lib/Makefile&quot;  VERBOSE=1 clean"/>
					<DistClean command="/usr/bin/make -f &quot;/home/mik/IdeaProjects/mcserve/chmod_lib/Makefile&quot;  VERBOSE=1 clean"/>
				</MakeCommands>
			</Target>
			<Target title="edit_cache">
				<Option working_dir="/home/mik/IdeaProjects/mcserve/chmod_lib"/>
				<Option type="4"/>
				<MakeCommands>
					<Build command="/usr/bin/make -f &quot;/home/mik/IdeaProjects/mcserve/chmod_lib/Makefile&quot;  VERBOSE=1 edit_cache"/>
					<CompileFile command="/usr/bin/make -f &quot;/home/mik/IdeaProjects/mcserve/chmod_lib/Makefile&quot;  VERBOSE=1 &quot;$file&quot;"/>
					<Clean command="/usr/bin/make -f &quot;/home/mik/IdeaProjects/mcserve/chmod_lib/Makefile&quot;  VERBOSE=1 clean"/>
					<DistClean command="/usr/bin/make -f &quot;/home/mik/IdeaProjects/mcserve/chmod_lib/Makefile&quot;  VERBOSE=1 clean"/>
				</MakeCommands>
			</Target>
			<Target title="rebuild_cache">
				<Option working_dir="/home/mik/IdeaProjects/mcserve/chmod_lib"/>
				<Option type="4"/>
				<MakeCommands>
					<Build command="/usr/bin/make -f &quot;/home/mik/IdeaProjects/mcserve/chmod_lib/Makefile&quot;  VERBOSE=1 rebuild_cache"/>
					<CompileFile command="/usr/bin/make -f &quot;/home/mik/IdeaProjects/mcserve/chmod_lib/Makefile&quot;  VERBOSE=1 &quot;$file&quot;"/>
					<Clean command="/usr/bin/make -f &quot;/home/mik/IdeaProjects/mcserve/chmod_lib/Makefile&quot;  VERBOSE=1 clean"/>
					<DistClean command="/usr/bin/make -f &quot;/home/mik/IdeaProjects/mcserve/chmod_lib/Makefile&quot;  VERBOSE=1 clean"/>
				</MakeCommands>
			</Target>
			<Target title="mcserv_chmod">
				<Option output="/home/mik/IdeaProjects/mcserve/chmod_lib/libmcserv_chmod.so" prefix_auto="0" extension_auto="0"/>
				<Option working_dir="/home/mik/IdeaProjects/mcserve/chmod_lib"/>
				<Option object_output="./"/>
				<Option type="3"/>
				<Option compiler="gcc"/>
				<Compiler/>
				<MakeCommands>
					<Build command="/usr/bin/make -f &quot;/home/mik/IdeaProjects/mcserve/chmod_lib/Makefile&quot;  VERBOSE=1 mcserv_chmod"/>
					<CompileFile command="/usr/bin/make -f &quot;/home/mik/IdeaProjects/mcserve/chmod_lib/Makefile&quot;  VERBOSE=1 &quot;$file&quot;"/>
					<Clean command="/usr/bin/make -f &quot;/home/mik/IdeaProjects/mcserve/chmod_lib/Makefile&quot;  VERBOSE=1 clean"/>
					<DistClean command="/usr/bin/make -f &quot;/home/mik/IdeaProjects/mcserve/chmod_lib/Makefile&quot;  VERBOSE=1 clean"/>
				</MakeCommands>
			</Target>
			<Target title="mcserv_chmod/fast">
				<Option output="/home/mik/IdeaProjects/mcserve/chmod_lib/libmcserv_chmod.so" prefix_auto="0" extension_auto="0"/>
				<Option working_dir="/home/mik/IdeaProjects/mcserve/chmod_lib"/>
				<Option object_output="./"/>
				<Option type="3"/>
				<Option compiler="gcc"/>
				<Compiler/>
				<MakeCommands>
					<Build command="/usr/bin/make -f &quot;/home/mik/IdeaProjects/mcserve/chmod_lib/Makefile&quot;  VERBOSE=1 mcserv_chmod/fast"/>
					<CompileFile command="/usr/bin/make -f &quot;/home/mik/IdeaProjects/mcserve/chmod_lib/Makefile&quot;  VERBOSE=1 &quot;$file&quot;"/>
					<Clean command="/usr/bin/make -f &quot;/home/mik/IdeaProjects/mcserve/chmod_lib/Makefile&quot;  VERBOSE=1 clean"/>
					<DistClean command="/usr/bin/make -f &quot;/home/mik/IdeaProjects/mcserve/chmod_lib/Makefile&quot;  VERBOSE=1 clean"/>
				</MakeCommands>
			</Target>
		</Build>
		<Unit filename="/home/mik/IdeaProjects/mcserve/chmod_lib/library.c">
			<Option target="mcserv_chmod"/>
		</Unit>
		<Unit filename="/home/mik/IdeaProjects/mcserve/chmod_lib/library.h">
			<Option target="mcserv_chmod"/>
		</Unit>
		<Unit filename="/home/mik/IdeaProjects/mcserve/chmod_lib/CMakeLists.txt">
			<Option virtualFolder="CMake Files\"/>
		</Unit>
	</Project>
</CodeBlocks_project_file>
